
Microsoft Visual Studio Solution File, Format Version 12.00
# Visual Studio Version 16
VisualStudioVersion = 16.0.29009.5
MinimumVisualStudioVersion = 10.0.40219.1
Project("{FAE04EC0-301F-11D3-BF4B-00C04F79EFBC}") = "QrScaner", "QrScaner\QrScaner.csproj", "{6ED6258A-8B40-4E00-B568-5335C5B54992}"
EndProject
Global
	GlobalSection(SolutionConfigurationPlatforms) = preSolution
		Debug|Any CPU = Debug|Any CPU
		Release|Any CPU = Release|Any CPU
	EndGlobalSection
	GlobalSection(ProjectConfigurationPlatforms) = postSolution
		{6ED6258A-8B40-4E00-B568-5335C5B54992}.Debug|Any CPU.ActiveCfg = Debug|Any CPU
		{6ED6258A-8B40-4E00-B568-5335C5B54992}.Debug|Any CPU.Build.0 = Debug|Any CPU
		{6ED6258A-8B40-4E00-B568-5335C5B54992}.Release|Any CPU.ActiveCfg = Release|Any CPU
		{6ED6258A-8B40-4E00-B568-5335C5B54992}.Release|Any CPU.Build.0 = Release|Any CPU
	EndGlobalSection
	GlobalSection(SolutionProperties) = preSolution
		HideSolutionNode = FALSE
	EndGlobalSection
	GlobalSection(ExtensibilityGlobals) = postSolution
		SolutionGuid = {B2415CDB-402B-4CFF-9305-859C15A8F98C}
	EndGlobalSection
EndGlobal
